
Microsoft Visual Studio Solution File, Format Version 12.00
# Visual Studio Version 16
VisualStudioVersion = 16.0.30225.117
MinimumVisualStudioVersion = 10.0.40219.1
Project("{FAE04EC0-301F-11D3-BF4B-00C04F79EFBC}") = "Notes_App", "Notes_App\Notes_App.csproj", "{D5A994A3-A498-4E6F-AB18-F38347B38BBF}"
EndProject
Project("{2150E333-8FDC-42A3-9474-1A3956D46DE8}") = "Solution Items", "Solution Items", "{4D81DA44-C282-44B4-8E76-9ECCC1544D20}"
EndProject
Global
	GlobalSection(SolutionConfigurationPlatforms) = preSolution
		Debug|Any CPU = Debug|Any CPU
		Release|Any CPU = Release|Any CPU
	EndGlobalSection
	GlobalSection(ProjectConfigurationPlatforms) = postSolution
		{D5A994A3-A498-4E6F-AB18-F38347B38BBF}.Debug|Any CPU.ActiveCfg = Debug|Any CPU
		{D5A994A3-A498-4E6F-AB18-F38347B38BBF}.Debug|Any CPU.Build.0 = Debug|Any CPU
		{D5A994A3-A498-4E6F-AB18-F38347B38BBF}.Debug|Any CPU.Deploy.0 = Debug|Any CPU
		{D5A994A3-A498-4E6F-AB18-F38347B38BBF}.Release|Any CPU.ActiveCfg = Release|Any CPU
		{D5A994A3-A498-4E6F-AB18-F38347B38BBF}.Release|Any CPU.Build.0 = Release|Any CPU
		{D5A994A3-A498-4E6F-AB18-F38347B38BBF}.Release|Any CPU.Deploy.0 = Release|Any CPU
	EndGlobalSection
	GlobalSection(SolutionProperties) = preSolution
		HideSolutionNode = FALSE
	EndGlobalSection
	GlobalSection(ExtensibilityGlobals) = postSolution
		SolutionGuid = {8C7270B7-642B-45F7-A3CA-66874DAB6A9D}
	EndGlobalSection
EndGlobal
